
Microsoft Visual Studio Solution File, Format Version 12.00
# Visual Studio Version 17
VisualStudioVersion = 17.7.34202.233
MinimumVisualStudioVersion = 10.0.40219.1
Project("{FAE04EC0-301F-11D3-BF4B-00C04F79EFBC}") = "Ejercicio5", "Ejercicio5.csproj", "{ABCBDA64-3916-44D0-9953-29137518E475}"
EndProject
Project("{FAE04EC0-301F-11D3-BF4B-00C04F79EFBC}") = "Cliente", "..\Cliente\Cliente.csproj", "{2EB6CF33-0631-4F83-B106-8F78ACB26C39}"
EndProject
Global
	GlobalSection(SolutionConfigurationPlatforms) = preSolution
		Debug|Any CPU = Debug|Any CPU
		Release|Any CPU = Release|Any CPU
	EndGlobalSection
	GlobalSection(ProjectConfigurationPlatforms) = postSolution
		{ABCBDA64-3916-44D0-9953-29137518E475}.Debug|Any CPU.ActiveCfg = Debug|Any CPU
		{ABCBDA64-3916-44D0-9953-29137518E475}.Debug|Any CPU.Build.0 = Debug|Any CPU
		{ABCBDA64-3916-44D0-9953-29137518E475}.Release|Any CPU.ActiveCfg = Release|Any CPU
		{ABCBDA64-3916-44D0-9953-29137518E475}.Release|Any CPU.Build.0 = Release|Any CPU
		{2EB6CF33-0631-4F83-B106-8F78ACB26C39}.Debug|Any CPU.ActiveCfg = Debug|Any CPU
		{2EB6CF33-0631-4F83-B106-8F78ACB26C39}.Debug|Any CPU.Build.0 = Debug|Any CPU
		{2EB6CF33-0631-4F83-B106-8F78ACB26C39}.Release|Any CPU.ActiveCfg = Release|Any CPU
		{2EB6CF33-0631-4F83-B106-8F78ACB26C39}.Release|Any CPU.Build.0 = Release|Any CPU
	EndGlobalSection
	GlobalSection(SolutionProperties) = preSolution
		HideSolutionNode = FALSE
	EndGlobalSection
	GlobalSection(ExtensibilityGlobals) = postSolution
		SolutionGuid = {840A640D-73A2-467B-9447-F290FB4A1D86}
	EndGlobalSection
EndGlobal
